// !$*UTF8*$!
{
	archiveVersion = 1;
	classes = {
	};
	objectVersion = 46;
	objects = {

/* Begin PBXBuildFile section */
		1100038C1EB089CC00379CC9 /* BanAn.swift in Sources */ = {isa = PBXBuildFile; fileRef = 1100038B1EB089CC00379CC9 /* BanAn.swift */; };
		112A30ED1EA9B0AE008652AE /* img1.jpg in Resources */ = {isa = PBXBuildFile; fileRef = 112A30EC1EA9B0AE008652AE /* img1.jpg */; };
		119ABA9B1EB04A1700386C5E /* libsqlite3.0.tbd in Frameworks */ = {isa = PBXBuildFile; fileRef = 119ABA9A1EB04A1700386C5E /* libsqlite3.0.tbd */; };
		119ABA9D1EB04CDC00386C5E /* QLQA.sqlite in Resources */ = {isa = PBXBuildFile; fileRef = 119ABA9C1EB04CDC00386C5E /* QLQA.sqlite */; };
		119ABAA01EB04D6500386C5E /* Utils.swift in Sources */ = {isa = PBXBuildFile; fileRef = 119ABA9F1EB04D6500386C5E /* Utils.swift */; };
		11EE42691EAA625000A88487 /* TableViewCellBA.swift in Sources */ = {isa = PBXBuildFile; fileRef = 11EE42681EAA625000A88487 /* TableViewCellBA.swift */; };
		11EE426B1EAA627000A88487 /* TableViewControllerMain.swift in Sources */ = {isa = PBXBuildFile; fileRef = 11EE426A1EAA627000A88487 /* TableViewControllerMain.swift */; };
		11EE426F1EAA7E1000A88487 /* ViewControllerQuanLy.swift in Sources */ = {isa = PBXBuildFile; fileRef = 11EE426E1EAA7E1000A88487 /* ViewControllerQuanLy.swift */; };
		11EE42711EAA869E00A88487 /* ViewControllerBA.swift in Sources */ = {isa = PBXBuildFile; fileRef = 11EE42701EAA869E00A88487 /* ViewControllerBA.swift */; };
		2EEB814FB6B26695BA6E0986 /* Pods_doan_giuaky_ptuddd.framework in Frameworks */ = {isa = PBXBuildFile; fileRef = A8F681B07647FC0B30F987C6 /* Pods_doan_giuaky_ptuddd.framework */; };
		B47DCB2C1EA5205C00F783F2 /* AppDelegate.swift in Sources */ = {isa = PBXBuildFile; fileRef = B47DCB2B1EA5205C00F783F2 /* AppDelegate.swift */; };
		B47DCB2E1EA5205C00F783F2 /* ViewController.swift in Sources */ = {isa = PBXBuildFile; fileRef = B47DCB2D1EA5205C00F783F2 /* ViewController.swift */; };
		B47DCB311EA5205C00F783F2 /* Main.storyboard in Resources */ = {isa = PBXBuildFile; fileRef = B47DCB2F1EA5205C00F783F2 /* Main.storyboard */; };
		B47DCB331EA5205C00F783F2 /* Assets.xcassets in Resources */ = {isa = PBXBuildFile; fileRef = B47DCB321EA5205C00F783F2 /* Assets.xcassets */; };
		B47DCB361EA5205C00F783F2 /* LaunchScreen.storyboard in Resources */ = {isa = PBXBuildFile; fileRef = B47DCB341EA5205C00F783F2 /* LaunchScreen.storyboard */; };
		B47DCB411EA5205C00F783F2 /* doan_giuaky_ptudddUITests.swift in Sources */ = {isa = PBXBuildFile; fileRef = B47DCB401EA5205C00F783F2 /* doan_giuaky_ptudddUITests.swift */; };
/* End PBXBuildFile section */

/* Begin PBXContainerItemProxy section */
		B47DCB3D1EA5205C00F783F2 /* PBXContainerItemProxy */ = {
			isa = PBXContainerItemProxy;
			containerPortal = B47DCB201EA5205C00F783F2 /* Project object */;
			proxyType = 1;
			remoteGlobalIDString = B47DCB271EA5205C00F783F2;
			remoteInfo = "doan-giuaky-ptuddd";
		};
/* End PBXContainerItemProxy section */

/* Begin PBXFileReference section */
		1100038B1EB089CC00379CC9 /* BanAn.swift */ = {isa = PBXFileReference; fileEncoding = 4; lastKnownFileType = sourcecode.swift; path = BanAn.swift; sourceTree = "<group>"; };
		112A30EC1EA9B0AE008652AE /* img1.jpg */ = {isa = PBXFileReference; lastKnownFileType = image.jpeg; path = img1.jpg; sourceTree = "<group>"; };
		119ABA9A1EB04A1700386C5E /* libsqlite3.0.tbd */ = {isa = PBXFileReference; lastKnownFileType = "sourcecode.text-based-dylib-definition"; name = libsqlite3.0.tbd; path = usr/lib/libsqlite3.0.tbd; sourceTree = SDKROOT; };
		119ABA9C1EB04CDC00386C5E /* QLQA.sqlite */ = {isa = PBXFileReference; lastKnownFileType = file; path = QLQA.sqlite; sourceTree = "<group>"; };
		119ABA9F1EB04D6500386C5E /* Utils.swift */ = {isa = PBXFileReference; fileEncoding = 4; lastKnownFileType = sourcecode.swift; path = Utils.swift; sourceTree = "<group>"; };
		11EE42681EAA625000A88487 /* TableViewCellBA.swift */ = {isa = PBXFileReference; fileEncoding = 4; lastKnownFileType = sourcecode.swift; path = TableViewCellBA.swift; sourceTree = "<group>"; };
		11EE426A1EAA627000A88487 /* TableViewControllerMain.swift */ = {isa = PBXFileReference; fileEncoding = 4; lastKnownFileType = sourcecode.swift; path = TableViewControllerMain.swift; sourceTree = "<group>"; };
		11EE426E1EAA7E1000A88487 /* ViewControllerQuanLy.swift */ = {isa = PBXFileReference; fileEncoding = 4; lastKnownFileType = sourcecode.swift; path = ViewControllerQuanLy.swift; sourceTree = "<group>"; };
		11EE42701EAA869E00A88487 /* ViewControllerBA.swift */ = {isa = PBXFileReference; fileEncoding = 4; lastKnownFileType = sourcecode.swift; path = ViewControllerBA.swift; sourceTree = "<group>"; };
		7D792CDD9672E3CD742C3D60 /* Pods-doan-giuaky-ptuddd.release.xcconfig */ = {isa = PBXFileReference; includeInIndex = 1; lastKnownFileType = text.xcconfig; name = "Pods-doan-giuaky-ptuddd.release.xcconfig"; path = "Pods/Target Support Files/Pods-doan-giuaky-ptuddd/Pods-doan-giuaky-ptuddd.release.xcconfig"; sourceTree = "<group>"; };
		A8F681B07647FC0B30F987C6 /* Pods_doan_giuaky_ptuddd.framework */ = {isa = PBXFileReference; explicitFileType = wrapper.framework; includeInIndex = 0; path = Pods_doan_giuaky_ptuddd.framework; sourceTree = BUILT_PRODUCTS_DIR; };
		B47DCB281EA5205C00F783F2 /* doan-giuaky-ptuddd.app */ = {isa = PBXFileReference; explicitFileType = wrapper.application; includeInIndex = 0; path = "doan-giuaky-ptuddd.app"; sourceTree = BUILT_PRODUCTS_DIR; };
		B47DCB2B1EA5205C00F783F2 /* AppDelegate.swift */ = {isa = PBXFileReference; lastKnownFileType = sourcecode.swift; path = AppDelegate.swift; sourceTree = "<group>"; };
		B47DCB2D1EA5205C00F783F2 /* ViewController.swift */ = {isa = PBXFileReference; lastKnownFileType = sourcecode.swift; path = ViewController.swift; sourceTree = "<group>"; };
		B47DCB301EA5205C00F783F2 /* Base */ = {isa = PBXFileReference; lastKnownFileType = file.storyboard; name = Base; path = Base.lproj/Main.storyboard; sourceTree = "<group>"; };
		B47DCB321EA5205C00F783F2 /* Assets.xcassets */ = {isa = PBXFileReference; lastKnownFileType = folder.assetcatalog; path = Assets.xcassets; sourceTree = "<group>"; };
		B47DCB351EA5205C00F783F2 /* Base */ = {isa = PBXFileReference; lastKnownFileType = file.storyboard; name = Base; path = Base.lproj/LaunchScreen.storyboard; sourceTree = "<group>"; };
		B47DCB371EA5205C00F783F2 /* Info.plist */ = {isa = PBXFileReference; lastKnownFileType = text.plist.xml; path = Info.plist; sourceTree = "<group>"; };
		B47DCB3C1EA5205C00F783F2 /* doan-giuaky-ptudddUITests.xctest */ = {isa = PBXFileReference; explicitFileType = wrapper.cfbundle; includeInIndex = 0; path = "doan-giuaky-ptudddUITests.xctest"; sourceTree = BUILT_PRODUCTS_DIR; };
		B47DCB401EA5205C00F783F2 /* doan_giuaky_ptudddUITests.swift */ = {isa = PBXFileReference; lastKnownFileType = sourcecode.swift; path = doan_giuaky_ptudddUITests.swift; sourceTree = "<group>"; };
		B47DCB421EA5205C00F783F2 /* Info.plist */ = {isa = PBXFileReference; lastKnownFileType = text.plist.xml; path = Info.plist; sourceTree = "<group>"; };
		BC687B817FA1321321ED5A40 /* Pods-doan-giuaky-ptuddd.debug.xcconfig */ = {isa = PBXFileReference; includeInIndex = 1; lastKnownFileType = text.xcconfig; name = "Pods-doan-giuaky-ptuddd.debug.xcconfig"; path = "Pods/Target Support Files/Pods-doan-giuaky-ptuddd/Pods-doan-giuaky-ptuddd.debug.xcconfig"; sourceTree = "<group>"; };
/* End PBXFileReference section */

/* Begin PBXFrameworksBuildPhase section */
		B47DCB251EA5205C00F783F2 /* Frameworks */ = {
			isa = PBXFrameworksBuildPhase;
			buildActionMask = 2147483647;
			files = (
				119ABA9B1EB04A1700386C5E /* libsqlite3.0.tbd in Frameworks */,
				2EEB814FB6B26695BA6E0986 /* Pods_doan_giuaky_ptuddd.framework in Frameworks */,
			);
			runOnlyForDeploymentPostprocessing = 0;
		};
		B47DCB391EA5205C00F783F2 /* Frameworks */ = {
			isa = PBXFrameworksBuildPhase;
			buildActionMask = 2147483647;
			files = (
			);
			runOnlyForDeploymentPostprocessing = 0;
		};
/* End PBXFrameworksBuildPhase section */

/* Begin PBXGroup section */
		112A30E41EA9A867008652AE /* Controller */ = {
			isa = PBXGroup;
			children = (
				11EE42681EAA625000A88487 /* TableViewCellBA.swift */,
				11EE426A1EAA627000A88487 /* TableViewControllerMain.swift */,
				11EE426E1EAA7E1000A88487 /* ViewControllerQuanLy.swift */,
				11EE42701EAA869E00A88487 /* ViewControllerBA.swift */,
			);
			name = Controller;
			sourceTree = "<group>";
		};
		112A30EB1EA9AFF5008652AE /* Image */ = {
			isa = PBXGroup;
			children = (
				112A30EC1EA9B0AE008652AE /* img1.jpg */,
			);
			name = Image;
			sourceTree = "<group>";
		};
		119ABA991EB04A1600386C5E /* Frameworks */ = {
			isa = PBXGroup;
			children = (
				119ABA9A1EB04A1700386C5E /* libsqlite3.0.tbd */,
				A8F681B07647FC0B30F987C6 /* Pods_doan_giuaky_ptuddd.framework */,
			);
			name = Frameworks;
			sourceTree = "<group>";
		};
		119ABA9E1EB04CFF00386C5E /* Global */ = {
			isa = PBXGroup;
			children = (
				119ABA9C1EB04CDC00386C5E /* QLQA.sqlite */,
				119ABA9F1EB04D6500386C5E /* Utils.swift */,
				1100038B1EB089CC00379CC9 /* BanAn.swift */,
			);
			name = Global;
			sourceTree = "<group>";
		};
		73AA06AAF9382BF68B30B19A /* Pods */ = {
			isa = PBXGroup;
			children = (
				BC687B817FA1321321ED5A40 /* Pods-doan-giuaky-ptuddd.debug.xcconfig */,
				7D792CDD9672E3CD742C3D60 /* Pods-doan-giuaky-ptuddd.release.xcconfig */,
			);
			name = Pods;
			sourceTree = "<group>";
		};
		B47DCB1F1EA5205C00F783F2 = {
			isa = PBXGroup;
			children = (
				119ABA9E1EB04CFF00386C5E /* Global */,
				112A30EB1EA9AFF5008652AE /* Image */,
				112A30E41EA9A867008652AE /* Controller */,
				B47DCB2A1EA5205C00F783F2 /* doan-giuaky-ptuddd */,
				B47DCB3F1EA5205C00F783F2 /* doan-giuaky-ptudddUITests */,
				B47DCB291EA5205C00F783F2 /* Products */,
				119ABA991EB04A1600386C5E /* Frameworks */,
				73AA06AAF9382BF68B30B19A /* Pods */,
			);
			sourceTree = "<group>";
		};
		B47DCB291EA5205C00F783F2 /* Products */ = {
			isa = PBXGroup;
			children = (
				B47DCB281EA5205C00F783F2 /* doan-giuaky-ptuddd.app */,
				B47DCB3C1EA5205C00F783F2 /* doan-giuaky-ptudddUITests.xctest */,
			);
			name = Products;
			sourceTree = "<group>";
		};
		B47DCB2A1EA5205C00F783F2 /* doan-giuaky-ptuddd */ = {
			isa = PBXGroup;
			children = (
				B47DCB2B1EA5205C00F783F2 /* AppDelegate.swift */,
				B47DCB2D1EA5205C00F783F2 /* ViewController.swift */,
				B47DCB2F1EA5205C00F783F2 /* Main.storyboard */,
				B47DCB321EA5205C00F783F2 /* Assets.xcassets */,
				B47DCB341EA5205C00F783F2 /* LaunchScreen.storyboard */,
				B47DCB371EA5205C00F783F2 /* Info.plist */,
			);
			path = "doan-giuaky-ptuddd";
			sourceTree = "<group>";
		};
		B47DCB3F1EA5205C00F783F2 /* doan-giuaky-ptudddUITests */ = {
			isa = PBXGroup;
			children = (
				B47DCB401EA5205C00F783F2 /* doan_giuaky_ptudddUITests.swift */,
				B47DCB421EA5205C00F783F2 /* Info.plist */,
			);
			path = "doan-giuaky-ptudddUITests";
			sourceTree = "<group>";
		};
/* End PBXGroup section */

/* Begin PBXNativeTarget section */
		B47DCB271EA5205C00F783F2 /* doan-giuaky-ptuddd */ = {
			isa = PBXNativeTarget;
			buildConfigurationList = B47DCB451EA5205C00F783F2 /* Build configuration list for PBXNativeTarget "doan-giuaky-ptuddd" */;
			buildPhases = (
				EFF812E05BB0A07E92657E64 /* [CP] Check Pods Manifest.lock */,
				B47DCB241EA5205C00F783F2 /* Sources */,
				B47DCB251EA5205C00F783F2 /* Frameworks */,
				B47DCB261EA5205C00F783F2 /* Resources */,
				CCEF87778A3BDE5D43A1C20A /* [CP] Embed Pods Frameworks */,
				DBA187B6BA7E6EC4E0AED558 /* [CP] Copy Pods Resources */,
			);
			buildRules = (
			);
			dependencies = (
			);
			name = "doan-giuaky-ptuddd";
			productName = "doan-giuaky-ptuddd";
			productReference = B47DCB281EA5205C00F783F2 /* doan-giuaky-ptuddd.app */;
			productType = "com.apple.product-type.application";
		};
		B47DCB3B1EA5205C00F783F2 /* doan-giuaky-ptudddUITests */ = {
			isa = PBXNativeTarget;
			buildConfigurationList = B47DCB481EA5205C00F783F2 /* Build configuration list for PBXNativeTarget "doan-giuaky-ptudddUITests" */;
			buildPhases = (
				B47DCB381EA5205C00F783F2 /* Sources */,
				B47DCB391EA5205C00F783F2 /* Frameworks */,
				B47DCB3A1EA5205C00F783F2 /* Resources */,
			);
			buildRules = (
			);
			dependencies = (
				B47DCB3E1EA5205C00F783F2 /* PBXTargetDependency */,
			);
			name = "doan-giuaky-ptudddUITests";
			productName = "doan-giuaky-ptudddUITests";
			productReference = B47DCB3C1EA5205C00F783F2 /* doan-giuaky-ptudddUITests.xctest */;
			productType = "com.apple.product-type.bundle.ui-testing";
		};
/* End PBXNativeTarget section */

/* Begin PBXProject section */
		B47DCB201EA5205C00F783F2 /* Project object */ = {
			isa = PBXProject;
			attributes = {
				LastSwiftUpdateCheck = 0820;
				LastUpgradeCheck = 0820;
				ORGANIZATIONNAME = "Huynh Thanh Nhan";
				TargetAttributes = {
					B47DCB271EA5205C00F783F2 = {
						CreatedOnToolsVersion = 8.2.1;
						ProvisioningStyle = Automatic;
					};
					B47DCB3B1EA5205C00F783F2 = {
						CreatedOnToolsVersion = 8.2.1;
						ProvisioningStyle = Automatic;
						TestTargetID = B47DCB271EA5205C00F783F2;
					};
				};
			};
			buildConfigurationList = B47DCB231EA5205C00F783F2 /* Build configuration list for PBXProject "doan-giuaky-ptuddd" */;
			compatibilityVersion = "Xcode 3.2";
			developmentRegion = English;
			hasScannedForEncodings = 0;
			knownRegions = (
				en,
				Base,
			);
			mainGroup = B47DCB1F1EA5205C00F783F2;
			productRefGroup = B47DCB291EA5205C00F783F2 /* Products */;
			projectDirPath = "";
			projectRoot = "";
			targets = (
				B47DCB271EA5205C00F783F2 /* doan-giuaky-ptuddd */,
				B47DCB3B1EA5205C00F783F2 /* doan-giuaky-ptudddUITests */,
			);
		};
/* End PBXProject section */

/* Begin PBXResourcesBuildPhase section */
		B47DCB261EA5205C00F783F2 /* Resources */ = {
			isa = PBXResourcesBuildPhase;
			buildActionMask = 2147483647;
			files = (
				119ABA9D1EB04CDC00386C5E /* QLQA.sqlite in Resources */,
				B47DCB361EA5205C00F783F2 /* LaunchScreen.storyboard in Resources */,
				112A30ED1EA9B0AE008652AE /* img1.jpg in Resources */,
				B47DCB331EA5205C00F783F2 /* Assets.xcassets in Resources */,
				B47DCB311EA5205C00F783F2 /* Main.storyboard in Resources */,
			);
			runOnlyForDeploymentPostprocessing = 0;
		};
		B47DCB3A1EA5205C00F783F2 /* Resources */ = {
			isa = PBXResourcesBuildPhase;
			buildActionMask = 2147483647;
			files = (
			);
			runOnlyForDeploymentPostprocessing = 0;
		};
/* End PBXResourcesBuildPhase section */

/* Begin PBXShellScriptBuildPhase section */
		CCEF87778A3BDE5D43A1C20A /* [CP] Embed Pods Frameworks */ = {
			isa = PBXShellScriptBuildPhase;
			buildActionMask = 2147483647;
			files = (
			);
			inputPaths = (
			);
			name = "[CP] Embed Pods Frameworks";
			outputPaths = (
			);
			runOnlyForDeploymentPostprocessing = 0;
			shellPath = /bin/sh;
			shellScript = "\"${SRCROOT}/Pods/Target Support Files/Pods-doan-giuaky-ptuddd/Pods-doan-giuaky-ptuddd-frameworks.sh\"\n";
			showEnvVarsInLog = 0;
		};
		DBA187B6BA7E6EC4E0AED558 /* [CP] Copy Pods Resources */ = {
			isa = PBXShellScriptBuildPhase;
			buildActionMask = 2147483647;
			files = (
			);
			inputPaths = (
			);
			name = "[CP] Copy Pods Resources";
			outputPaths = (
			);
			runOnlyForDeploymentPostprocessing = 0;
			shellPath = /bin/sh;
			shellScript = "\"${SRCROOT}/Pods/Target Support Files/Pods-doan-giuaky-ptuddd/Pods-doan-giuaky-ptuddd-resources.sh\"\n";
			showEnvVarsInLog = 0;
		};
		EFF812E05BB0A07E92657E64 /* [CP] Check Pods Manifest.lock */ = {
			isa = PBXShellScriptBuildPhase;
			buildActionMask = 2147483647;
			files = (
			);
			inputPaths = (
			);
			name = "[CP] Check Pods Manifest.lock";
			outputPaths = (
			);
			runOnlyForDeploymentPostprocessing = 0;
			shellPath = /bin/sh;
			shellScript = "diff \"${PODS_PODFILE_DIR_PATH}/Podfile.lock\" \"${PODS_ROOT}/Manifest.lock\" > /dev/null\nif [ $? != 0 ] ; then\n    # print error to STDERR\n    echo \"error: The sandbox is not in sync with the Podfile.lock. Run 'pod install' or update your CocoaPods installation.\" >&2\n    exit 1\nfi\n";
			showEnvVarsInLog = 0;
		};
/* End PBXShellScriptBuildPhase section */

/* Begin PBXSourcesBuildPhase section */
		B47DCB241EA5205C00F783F2 /* Sources */ = {
			isa = PBXSourcesBuildPhase;
			buildActionMask = 2147483647;
			files = (
				11EE426B1EAA627000A88487 /* TableViewControllerMain.swift in Sources */,
				B47DCB2E1EA5205C00F783F2 /* ViewController.swift in Sources */,
				11EE426F1EAA7E1000A88487 /* ViewControllerQuanLy.swift in Sources */,
				119ABAA01EB04D6500386C5E /* Utils.swift in Sources */,
				B47DCB2C1EA5205C00F783F2 /* AppDelegate.swift in Sources */,
				11EE42691EAA625000A88487 /* TableViewCellBA.swift in Sources */,
				1100038C1EB089CC00379CC9 /* BanAn.swift in Sources */,
				11EE42711EAA869E00A88487 /* ViewControllerBA.swift in Sources */,
			);
			runOnlyForDeploymentPostprocessing = 0;
		};
		B47DCB381EA5205C00F783F2 /* Sources */ = {
			isa = PBXSourcesBuildPhase;
			buildActionMask = 2147483647;
			files = (
				B47DCB411EA5205C00F783F2 /* doan_giuaky_ptudddUITests.swift in Sources */,
			);
			runOnlyForDeploymentPostprocessing = 0;
		};
/* End PBXSourcesBuildPhase section */

/* Begin PBXTargetDependency section */
		B47DCB3E1EA5205C00F783F2 /* PBXTargetDependency */ = {
			isa = PBXTargetDependency;
			target = B47DCB271EA5205C00F783F2 /* doan-giuaky-ptuddd */;
			targetProxy = B47DCB3D1EA5205C00F783F2 /* PBXContainerItemProxy */;
		};
/* End PBXTargetDependency section */

/* Begin PBXVariantGroup section */
		B47DCB2F1EA5205C00F783F2 /* Main.storyboard */ = {
			isa = PBXVariantGroup;
			children = (
				B47DCB301EA5205C00F783F2 /* Base */,
			);
			name = Main.storyboard;
			sourceTree = "<group>";
		};
		B47DCB341EA5205C00F783F2 /* LaunchScreen.storyboard */ = {
			isa = PBXVariantGroup;
			children = (
				B47DCB351EA5205C00F783F2 /* Base */,
			);
			name = LaunchScreen.storyboard;
			sourceTree = "<group>";
		};
/* End PBXVariantGroup section */

/* Begin XCBuildConfiguration section */
		B47DCB431EA5205C00F783F2 /* Debug */ = {
			isa = XCBuildConfiguration;
			buildSettings = {
				ALWAYS_SEARCH_USER_PATHS = NO;
				CLANG_ANALYZER_NONNULL = YES;
				CLANG_CXX_LANGUAGE_STANDARD = "gnu++0x";
				CLANG_CXX_LIBRARY = "libc++";
				CLANG_ENABLE_MODULES = YES;
				CLANG_ENABLE_OBJC_ARC = YES;
				CLANG_WARN_BOOL_CONVERSION = YES;
				CLANG_WARN_CONSTANT_CONVERSION = YES;
				CLANG_WARN_DIRECT_OBJC_ISA_USAGE = YES_ERROR;
				CLANG_WARN_DOCUMENTATION_COMMENTS = YES;
				CLANG_WARN_EMPTY_BODY = YES;
				CLANG_WARN_ENUM_CONVERSION = YES;
				CLANG_WARN_INFINITE_RECURSION = YES;
				CLANG_WARN_INT_CONVERSION = YES;
				CLANG_WARN_OBJC_ROOT_CLASS = YES_ERROR;
				CLANG_WARN_SUSPICIOUS_MOVE = YES;
				CLANG_WARN_UNREACHABLE_CODE = YES;
				CLANG_WARN__DUPLICATE_METHOD_MATCH = YES;
				"CODE_SIGN_IDENTITY[sdk=iphoneos*]" = "iPhone Developer";
				COPY_PHASE_STRIP = NO;
				DEBUG_INFORMATION_FORMAT = dwarf;
				ENABLE_STRICT_OBJC_MSGSEND = YES;
				ENABLE_TESTABILITY = YES;
				GCC_C_LANGUAGE_STANDARD = gnu99;
				GCC_DYNAMIC_NO_PIC = NO;
				GCC_NO_COMMON_BLOCKS = YES;
				GCC_OPTIMIZATION_LEVEL = 0;
				GCC_PREPROCESSOR_DEFINITIONS = (
					"DEBUG=1",
					"$(inherited)",
				);
				GCC_WARN_64_TO_32_BIT_CONVERSION = YES;
				GCC_WARN_ABOUT_RETURN_TYPE = YES_ERROR;
				GCC_WARN_UNDECLARED_SELECTOR = YES;
				GCC_WARN_UNINITIALIZED_AUTOS = YES_AGGRESSIVE;
				GCC_WARN_UNUSED_FUNCTION = YES;
				GCC_WARN_UNUSED_VARIABLE = YES;
				IPHONEOS_DEPLOYMENT_TARGET = 10.2;
				MTL_ENABLE_DEBUG_INFO = YES;
				ONLY_ACTIVE_ARCH = YES;
				SDKROOT = iphoneos;
				SWIFT_ACTIVE_COMPILATION_CONDITIONS = DEBUG;
				SWIFT_OPTIMIZATION_LEVEL = "-Onone";
			};
			name = Debug;
		};
		B47DCB441EA5205C00F783F2 /* Release */ = {
			isa = XCBuildConfiguration;
			buildSettings = {
				ALWAYS_SEARCH_USER_PATHS = NO;
				CLANG_ANALYZER_NONNULL = YES;
				CLANG_CXX_LANGUAGE_STANDARD = "gnu++0x";
				CLANG_CXX_LIBRARY = "libc++";
				CLANG_ENABLE_MODULES = YES;
				CLANG_ENABLE_OBJC_ARC = YES;
				CLANG_WARN_BOOL_CONVERSION = YES;
				CLANG_WARN_CONSTANT_CONVERSION = YES;
				CLANG_WARN_DIRECT_OBJC_ISA_USAGE = YES_ERROR;
				CLANG_WARN_DOCUMENTATION_COMMENTS = YES;
				CLANG_WARN_EMPTY_BODY = YES;
				CLANG_WARN_ENUM_CONVERSION = YES;
				CLANG_WARN_INFINITE_RECURSION = YES;
				CLANG_WARN_INT_CONVERSION = YES;
				CLANG_WARN_OBJC_ROOT_CLASS = YES_ERROR;
				CLANG_WARN_SUSPICIOUS_MOVE = YES;
				CLANG_WARN_UNREACHABLE_CODE = YES;
				CLANG_WARN__DUPLICATE_METHOD_MATCH = YES;
				"CODE_SIGN_IDENTITY[sdk=iphoneos*]" = "iPhone Developer";
				COPY_PHASE_STRIP = NO;
				DEBUG_INFORMATION_FORMAT = "dwarf-with-dsym";
				ENABLE_NS_ASSERTIONS = NO;
				ENABLE_STRICT_OBJC_MSGSEND = YES;
				GCC_C_LANGUAGE_STANDARD = gnu99;
				GCC_NO_COMMON_BLOCKS = YES;
				GCC_WARN_64_TO_32_BIT_CONVERSION = YES;
				GCC_WARN_ABOUT_RETURN_TYPE = YES_ERROR;
				GCC_WARN_UNDECLARED_SELECTOR = YES;
				GCC_WARN_UNINITIALIZED_AUTOS = YES_AGGRESSIVE;
				GCC_WARN_UNUSED_FUNCTION = YES;
				GCC_WARN_UNUSED_VARIABLE = YES;
				IPHONEOS_DEPLOYMENT_TARGET = 10.2;
				MTL_ENABLE_DEBUG_INFO = NO;
				SDKROOT = iphoneos;
				SWIFT_OPTIMIZATION_LEVEL = "-Owholemodule";
				VALIDATE_PRODUCT = YES;
			};
			name = Release;
		};
		B47DCB461EA5205C00F783F2 /* Debug */ = {
			isa = XCBuildConfiguration;
			baseConfigurationReference = BC687B817FA1321321ED5A40 /* Pods-doan-giuaky-ptuddd.debug.xcconfig */;
			buildSettings = {
				ASSETCATALOG_COMPILER_APPICON_NAME = AppIcon;
				INFOPLIST_FILE = "doan-giuaky-ptuddd/Info.plist";
				LD_RUNPATH_SEARCH_PATHS = "$(inherited) @executable_path/Frameworks";
				PRODUCT_BUNDLE_IDENTIFIER = "htn.doan-giuaky-ptuddd";
				PRODUCT_NAME = "$(TARGET_NAME)";
				SWIFT_VERSION = 3.0;
			};
			name = Debug;
		};
		B47DCB471EA5205C00F783F2 /* Release */ = {
			isa = XCBuildConfiguration;
			baseConfigurationReference = 7D792CDD9672E3CD742C3D60 /* Pods-doan-giuaky-ptuddd.release.xcconfig */;
			buildSettings = {
				ASSETCATALOG_COMPILER_APPICON_NAME = AppIcon;
				INFOPLIST_FILE = "doan-giuaky-ptuddd/Info.plist";
				LD_RUNPATH_SEARCH_PATHS = "$(inherited) @executable_path/Frameworks";
				PRODUCT_BUNDLE_IDENTIFIER = "htn.doan-giuaky-ptuddd";
				PRODUCT_NAME = "$(TARGET_NAME)";
				SWIFT_VERSION = 3.0;
			};
			name = Release;
		};
		B47DCB491EA5205C00F783F2 /* Debug */ = {
			isa = XCBuildConfiguration;
			buildSettings = {
				ALWAYS_EMBED_SWIFT_STANDARD_LIBRARIES = YES;
				INFOPLIST_FILE = "doan-giuaky-ptudddUITests/Info.plist";
				LD_RUNPATH_SEARCH_PATHS = "$(inherited) @executable_path/Frameworks @loader_path/Frameworks";
				PRODUCT_BUNDLE_IDENTIFIER = "htn.doan-giuaky-ptudddUITests";
				PRODUCT_NAME = "$(TARGET_NAME)";
				SWIFT_VERSION = 3.0;
				TEST_TARGET_NAME = "doan-giuaky-ptuddd";
			};
			name = Debug;
		};
		B47DCB4A1EA5205C00F783F2 /* Release */ = {
			isa = XCBuildConfiguration;
			buildSettings = {
				ALWAYS_EMBED_SWIFT_STANDARD_LIBRARIES = YES;
				INFOPLIST_FILE = "doan-giuaky-ptudddUITests/Info.plist";
				LD_RUNPATH_SEARCH_PATHS = "$(inherited) @executable_path/Frameworks @loader_path/Frameworks";
				PRODUCT_BUNDLE_IDENTIFIER = "htn.doan-giuaky-ptudddUITests";
				PRODUCT_NAME = "$(TARGET_NAME)";
				SWIFT_VERSION = 3.0;
				TEST_TARGET_NAME = "doan-giuaky-ptuddd";
			};
			name = Release;
		};
/* End XCBuildConfiguration section */

/* Begin XCConfigurationList section */
		B47DCB231EA5205C00F783F2 /* Build configuration list for PBXProject "doan-giuaky-ptuddd" */ = {
			isa = XCConfigurationList;
			buildConfigurations = (
				B47DCB431EA5205C00F783F2 /* Debug */,
				B47DCB441EA5205C00F783F2 /* Release */,
			);
			defaultConfigurationIsVisible = 0;
			defaultConfigurationName = Release;
		};
		B47DCB451EA5205C00F783F2 /* Build configuration list for PBXNativeTarget "doan-giuaky-ptuddd" */ = {
			isa = XCConfigurationList;
			buildConfigurations = (
				B47DCB461EA5205C00F783F2 /* Debug */,
				B47DCB471EA5205C00F783F2 /* Release */,
			);
			defaultConfigurationIsVisible = 0;
			defaultConfigurationName = Release;
		};
		B47DCB481EA5205C00F783F2 /* Build configuration list for PBXNativeTarget "doan-giuaky-ptudddUITests" */ = {
			isa = XCConfigurationList;
			buildConfigurations = (
				B47DCB491EA5205C00F783F2 /* Debug */,
				B47DCB4A1EA5205C00F783F2 /* Release */,
			);
			defaultConfigurationIsVisible = 0;
			defaultConfigurationName = Release;
		};
/* End XCConfigurationList section */
	};
	rootObject = B47DCB201EA5205C00F783F2 /* Project object */;
}
